
Microsoft Visual Studio Solution File, Format Version 12.00
# Visual Studio Version 16
VisualStudioVersion = 16.0.29613.14
MinimumVisualStudioVersion = 10.0.40219.1
Project("{FAE04EC0-301F-11D3-BF4B-00C04F79EFBC}") = "CASE_STUDY", "CASE_STUDY\CASE_STUDY.csproj", "{9E3B8824-A627-4ED0-AFDA-C7EE93062475}"
EndProject
Global
	GlobalSection(SolutionConfigurationPlatforms) = preSolution
		Debug|Any CPU = Debug|Any CPU
		Release|Any CPU = Release|Any CPU
	EndGlobalSection
	GlobalSection(ProjectConfigurationPlatforms) = postSolution
		{9E3B8824-A627-4ED0-AFDA-C7EE93062475}.Debug|Any CPU.ActiveCfg = Debug|Any CPU
		{9E3B8824-A627-4ED0-AFDA-C7EE93062475}.Debug|Any CPU.Build.0 = Debug|Any CPU
		{9E3B8824-A627-4ED0-AFDA-C7EE93062475}.Release|Any CPU.ActiveCfg = Release|Any CPU
		{9E3B8824-A627-4ED0-AFDA-C7EE93062475}.Release|Any CPU.Build.0 = Release|Any CPU
	EndGlobalSection
	GlobalSection(SolutionProperties) = preSolution
		HideSolutionNode = FALSE
	EndGlobalSection
	GlobalSection(ExtensibilityGlobals) = postSolution
		SolutionGuid = {8680855B-CF18-4DF6-8B58-5D6BD32CCDED}
	EndGlobalSection
EndGlobal
